# This file is automatically @generated by Cargo.
# It is not intended for manual editing.
version = 3

[[package]]
name = "apputils"
version = "0.1.6"
source = "registry+https://github.com/rust-lang/crates.io-index"
checksum = "e14e94990e8fd0c34e13ee6b807b14f8aedfdab6f85cde4d2fb5ce6703a9b5cc"

[[package]]
name = "libc"
version = "0.2.158"
source = "registry+https://github.com/rust-lang/crates.io-index"
checksum = "d8adc4bb1803a324070e64a98ae98f38934d91957a99cfb3a43dcbc01bc56439"

[[package]]
name = "rpi-fanctl"
version = "0.1.0"
dependencies = [
 "apputils",
 "rppal",
]

[[package]]
name = "rppal"
version = "0.19.0"
source = "registry+https://github.com/rust-lang/crates.io-index"
checksum = "3b37e992f3222e304708025de77c9e395068a347449d0d7164f52d3beccdbd8d"
dependencies = [
 "libc",
]
